
Microsoft Visual Studio Solution File, Format Version 12.00
# Visual Studio Version 17
VisualStudioVersion = 17.1.32421.90
MinimumVisualStudioVersion = 10.0.40219.1
Project("{FAE04EC0-301F-11D3-BF4B-00C04F79EFBC}") = "HarmonicNumber_Workshop", "HarmonicNumber_Workshop\HarmonicNumber_Workshop.csproj", "{FEF89E99-A364-4ED0-996D-29ED77D7F7D9}"
EndProject
Global
	GlobalSection(SolutionConfigurationPlatforms) = preSolution
		Debug|Any CPU = Debug|Any CPU
		Release|Any CPU = Release|Any CPU
	EndGlobalSection
	GlobalSection(ProjectConfigurationPlatforms) = postSolution
		{FEF89E99-A364-4ED0-996D-29ED77D7F7D9}.Debug|Any CPU.ActiveCfg = Debug|Any CPU
		{FEF89E99-A364-4ED0-996D-29ED77D7F7D9}.Debug|Any CPU.Build.0 = Debug|Any CPU
		{FEF89E99-A364-4ED0-996D-29ED77D7F7D9}.Release|Any CPU.ActiveCfg = Release|Any CPU
		{FEF89E99-A364-4ED0-996D-29ED77D7F7D9}.Release|Any CPU.Build.0 = Release|Any CPU
	EndGlobalSection
	GlobalSection(SolutionProperties) = preSolution
		HideSolutionNode = FALSE
	EndGlobalSection
	GlobalSection(ExtensibilityGlobals) = postSolution
		SolutionGuid = {94358CC0-263F-4022-BC0A-C95300060524}
	EndGlobalSection
EndGlobal
